# @generated - this file is auto-generated by `mise lock` https://mise.en.dev/dev-tools/mise-lock.html

[[tools.deno]]
version = "2.9.4"
backend = "core:deno"

[tools.deno."platforms.linux-arm64"]
checksum = "sha256:111da5c05c240cfdc4340f234a0e3539d39dbcb6755221f19dcd60bacc8be5aa"
url = "https://dl.deno.land/release/v2.9.4/deno-aarch64-unknown-linux-gnu.zip"

[tools.deno."platforms.linux-arm64-musl"]
checksum = "sha256:111da5c05c240cfdc4340f234a0e3539d39dbcb6755221f19dcd60bacc8be5aa"
url = "https://dl.deno.land/release/v2.9.4/deno-aarch64-unknown-linux-gnu.zip"

[tools.deno."platforms.linux-x64"]
checksum = "sha256:c24f955d9fbfe0ea5ae2b501c8e71ae76e31e4c9782390a54a284b3364fda725"
url = "https://dl.deno.land/release/v2.9.4/deno-x86_64-unknown-linux-gnu.zip"

[tools.deno."platforms.linux-x64-musl"]
checksum = "sha256:c24f955d9fbfe0ea5ae2b501c8e71ae76e31e4c9782390a54a284b3364fda725"
url = "https://dl.deno.land/release/v2.9.4/deno-x86_64-unknown-linux-gnu.zip"

[tools.deno."platforms.macos-arm64"]
checksum = "sha256:6d17647fdbf9c587a581dba205054c4ccf732dae0a196cc1e9b44c07589db412"
url = "https://dl.deno.land/release/v2.9.4/deno-aarch64-apple-darwin.zip"

[tools.deno."platforms.macos-x64"]
checksum = "sha256:f757df6d3991e37601c69fad56c22b37c4ea77b5dcfad3636a642c2ba4c9b19f"
url = "https://dl.deno.land/release/v2.9.4/deno-x86_64-apple-darwin.zip"

[tools.deno."platforms.windows-x64"]
checksum = "sha256:68ed08b05c56cf887e9aa509947dc3f468f7e12f47a13e5c1abd51d46d1453ef"
url = "https://dl.deno.land/release/v2.9.4/deno-x86_64-pc-windows-msvc.zip"

[[tools.flux2]]
version = "2.9.2"
backend = "aqua:fluxcd/flux2"

[tools.flux2."platforms.linux-arm64"]
checksum = "sha256:665bfe5aeb843faf907e7f77250c31840499ff2dc65a64c2479409e3728748d1"
url = "https://github.com/fluxcd/flux2/releases/download/v2.9.2/flux_2.9.2_linux_arm64.tar.gz"
url_api = "https://api.github.com/repos/fluxcd/flux2/releases/assets/475505390"

[tools.flux2."platforms.linux-arm64".provenance.slsa]
url = "https://github.com/fluxcd/flux2/releases/download/v2.9.2/provenance.intoto.jsonl"

[tools.flux2."platforms.linux-arm64-musl"]
checksum = "sha256:665bfe5aeb843faf907e7f77250c31840499ff2dc65a64c2479409e3728748d1"
url = "https://github.com/fluxcd/flux2/releases/download/v2.9.2/flux_2.9.2_linux_arm64.tar.gz"
url_api = "https://api.github.com/repos/fluxcd/flux2/releases/assets/475505390"

[tools.flux2."platforms.linux-arm64-musl".provenance.slsa]
url = "https://github.com/fluxcd/flux2/releases/download/v2.9.2/provenance.intoto.jsonl"

[tools.flux2."platforms.linux-x64"]
checksum = "sha256:4092b367fd060097976fb7261601f79420ecf7266328417dfd8dfee27de0e6a3"
url = "https://github.com/fluxcd/flux2/releases/download/v2.9.2/flux_2.9.2_linux_amd64.tar.gz"
url_api = "https://api.github.com/repos/fluxcd/flux2/releases/assets/475505387"

[tools.flux2."platforms.linux-x64".provenance.slsa]
url = "https://github.com/fluxcd/flux2/releases/download/v2.9.2/provenance.intoto.jsonl"

[tools.flux2."platforms.linux-x64-musl"]
checksum = "sha256:4092b367fd060097976fb7261601f79420ecf7266328417dfd8dfee27de0e6a3"
url = "https://github.com/fluxcd/flux2/releases/download/v2.9.2/flux_2.9.2_linux_amd64.tar.gz"
url_api = "https://api.github.com/repos/fluxcd/flux2/releases/assets/475505387"

[tools.flux2."platforms.linux-x64-musl".provenance.slsa]
url = "https://github.com/fluxcd/flux2/releases/download/v2.9.2/provenance.intoto.jsonl"

[tools.flux2."platforms.macos-arm64"]
checksum = "sha256:1dd6791738b1c250748c24c24b48e92908881596f999ad8bf10f84763d66fdb3"
url = "https://github.com/fluxcd/flux2/releases/download/v2.9.2/flux_2.9.2_darwin_arm64.tar.gz"
url_api = "https://api.github.com/repos/fluxcd/flux2/releases/assets/475505377"

[tools.flux2."platforms.macos-arm64".provenance.slsa]
url = "https://github.com/fluxcd/flux2/releases/download/v2.9.2/provenance.intoto.jsonl"

[tools.flux2."platforms.macos-x64"]
checksum = "sha256:e4583db32e4f4f4ec195084f0381c704e5104a55a7ec4c1a444396137ecdb161"
url = "https://github.com/fluxcd/flux2/releases/download/v2.9.2/flux_2.9.2_darwin_amd64.tar.gz"
url_api = "https://api.github.com/repos/fluxcd/flux2/releases/assets/475505385"

[tools.flux2."platforms.macos-x64".provenance.slsa]
url = "https://github.com/fluxcd/flux2/releases/download/v2.9.2/provenance.intoto.jsonl"

[tools.flux2."platforms.windows-x64"]
checksum = "sha256:eceaddf7782ae5959e37d1d3620a70c68ef834ad1107ba6d9049a58c088a566c"
url = "https://github.com/fluxcd/flux2/releases/download/v2.9.2/flux_2.9.2_windows_amd64.zip"
url_api = "https://api.github.com/repos/fluxcd/flux2/releases/assets/475505381"

[tools.flux2."platforms.windows-x64".provenance.slsa]
url = "https://github.com/fluxcd/flux2/releases/download/v2.9.2/provenance.intoto.jsonl"

[[tools.go]]
version = "1.26.5"
backend = "core:go"

[tools.go."platforms.linux-arm64"]
checksum = "sha256:fe4789e92b1f33358680864bbe8704289e7bb5fc207d80623c308935bd696d49"
url = "https://dl.google.com/go/go1.26.5.linux-arm64.tar.gz"

[tools.go."platforms.linux-arm64-musl"]
checksum = "sha256:fe4789e92b1f33358680864bbe8704289e7bb5fc207d80623c308935bd696d49"
url = "https://dl.google.com/go/go1.26.5.linux-arm64.tar.gz"

[tools.go."platforms.linux-x64"]
checksum = "sha256:5c2c3b16caefa1d968a94c1daca04a7ca301a496d9b086e17ad77bb81393f053"
url = "https://dl.google.com/go/go1.26.5.linux-amd64.tar.gz"

[tools.go."platforms.linux-x64-musl"]
checksum = "sha256:5c2c3b16caefa1d968a94c1daca04a7ca301a496d9b086e17ad77bb81393f053"
url = "https://dl.google.com/go/go1.26.5.linux-amd64.tar.gz"

[tools.go."platforms.macos-arm64"]
checksum = "sha256:efb87ff28af9a188d0536ef5d42e63dd52ba8263cd7344a993cc48dd11dedb6a"
url = "https://dl.google.com/go/go1.26.5.darwin-arm64.tar.gz"

[tools.go."platforms.macos-x64"]
checksum = "sha256:6231d8d3b8f5552ec6cbf6d685bdd5482e1e703214b120e89b3bf0d7bf1ef725"
url = "https://dl.google.com/go/go1.26.5.darwin-amd64.tar.gz"

[tools.go."platforms.windows-x64"]
checksum = "sha256:97e6b2a833b6d89f9ff17d25419ac0a7e3b482a044e9ab18cdef834bd834fd38"
url = "https://dl.google.com/go/go1.26.5.windows-amd64.zip"

[[tools."go:github.com/cloudnative-pg/cloudnative-pg/cmd/kubectl-cnpg"]]
version = "1.30.0"
backend = "go:github.com/cloudnative-pg/cloudnative-pg/cmd/kubectl-cnpg"

[[tools."go:github.com/home-operations/flate/cmd/flate"]]
version = "0.4.12"
backend = "go:github.com/home-operations/flate/cmd/flate"

[[tools.helm]]
version = "4.2.3"
backend = "aqua:helm/helm"

[tools.helm."platforms.linux-arm64"]
checksum = "sha256:21abd9354d39b2cd79a8d76be6912cd137a983cbf997193503fb8a6a6e2f2785"
url = "https://get.helm.sh/helm-v4.2.3-linux-arm64.tar.gz"

[tools.helm."platforms.linux-arm64-musl"]
checksum = "sha256:21abd9354d39b2cd79a8d76be6912cd137a983cbf997193503fb8a6a6e2f2785"
url = "https://get.helm.sh/helm-v4.2.3-linux-arm64.tar.gz"

[tools.helm."platforms.linux-x64"]
checksum = "sha256:e9b88b4ee95b18c706839c28d3a0220e5bc470e9cd9262410c90793c45ff8b7c"
url = "https://get.helm.sh/helm-v4.2.3-linux-amd64.tar.gz"

[tools.helm."platforms.linux-x64-musl"]
checksum = "sha256:e9b88b4ee95b18c706839c28d3a0220e5bc470e9cd9262410c90793c45ff8b7c"
url = "https://get.helm.sh/helm-v4.2.3-linux-amd64.tar.gz"

[tools.helm."platforms.macos-arm64"]
checksum = "sha256:048ecf5ad3160f83d918f9fe945238d2132b079640f7b106175331c25f242c64"
url = "https://get.helm.sh/helm-v4.2.3-darwin-arm64.tar.gz"

[tools.helm."platforms.macos-x64"]
checksum = "sha256:ff3ac86755a45f3422473bc1200776aac0fe04c5766abe6ca66699f7b564b23b"
url = "https://get.helm.sh/helm-v4.2.3-darwin-amd64.tar.gz"

[tools.helm."platforms.windows-x64"]
checksum = "sha256:02c6137bb5f050479193afad5a28804e9edc3beeab7e7b53a6e1499c9ba387ef"
url = "https://get.helm.sh/helm-v4.2.3-windows-amd64.tar.gz"

[[tools.jq]]
version = "1.8.2"
backend = "aqua:jqlang/jq"

[tools.jq."platforms.linux-arm64"]
checksum = "sha256:8b85c817833814ddca00a144c33705546355afccf0cf39b188f3cdb48b852309"
url = "https://github.com/jqlang/jq/releases/download/jq-1.8.2/jq-linux-arm64"
url_api = "https://api.github.com/repos/jqlang/jq/releases/assets/453012756"
provenance = "github-attestations"

[tools.jq."platforms.linux-arm64-musl"]
checksum = "sha256:8b85c817833814ddca00a144c33705546355afccf0cf39b188f3cdb48b852309"
url = "https://github.com/jqlang/jq/releases/download/jq-1.8.2/jq-linux-arm64"
url_api = "https://api.github.com/repos/jqlang/jq/releases/assets/453012756"
provenance = "github-attestations"

[tools.jq."platforms.linux-x64"]
checksum = "sha256:b1c22172dd303f3be49e935aa56aa48a8b7a46e0bc838b4997d3bb451495870f"
url = "https://github.com/jqlang/jq/releases/download/jq-1.8.2/jq-linux-amd64"
url_api = "https://api.github.com/repos/jqlang/jq/releases/assets/453012752"
provenance = "github-attestations"

[tools.jq."platforms.linux-x64-musl"]
checksum = "sha256:b1c22172dd303f3be49e935aa56aa48a8b7a46e0bc838b4997d3bb451495870f"
url = "https://github.com/jqlang/jq/releases/download/jq-1.8.2/jq-linux-amd64"
url_api = "https://api.github.com/repos/jqlang/jq/releases/assets/453012752"
provenance = "github-attestations"

[tools.jq."platforms.macos-arm64"]
checksum = "sha256:2d75340ba57a4b4b4c8708a21c2dc8e958a48aaa8bba13b27f77f6e4c0eca07e"
url = "https://github.com/jqlang/jq/releases/download/jq-1.8.2/jq-macos-arm64"
url_api = "https://api.github.com/repos/jqlang/jq/releases/assets/453012783"
provenance = "github-attestations"

[tools.jq."platforms.macos-x64"]
checksum = "sha256:e94b266e3c26690550006abe63152b782280f4e14374accdf04cbde844f00bc0"
url = "https://github.com/jqlang/jq/releases/download/jq-1.8.2/jq-macos-amd64"
url_api = "https://api.github.com/repos/jqlang/jq/releases/assets/453012782"
provenance = "github-attestations"

[tools.jq."platforms.windows-x64"]
checksum = "sha256:a6fc67fedaf9128a3309a1e2ebb8b986aeccf70122ee46d2cb4849e423f0c627"
url = "https://github.com/jqlang/jq/releases/download/jq-1.8.2/jq-windows-amd64.exe"
url_api = "https://api.github.com/repos/jqlang/jq/releases/assets/453012788"
provenance = "github-attestations"

[[tools.kubectl]]
version = "1.36.3"
backend = "aqua:kubernetes/kubernetes/kubectl"

[tools.kubectl."platforms.linux-arm64"]
checksum = "sha256:3d86f24401c41ae5a46ac50eef8865fe891d3647d324a0836f6c63757a126e62"
url = "https://dl.k8s.io/v1.36.3/bin/linux/arm64/kubectl"

[tools.kubectl."platforms.linux-arm64-musl"]
checksum = "sha256:3d86f24401c41ae5a46ac50eef8865fe891d3647d324a0836f6c63757a126e62"
url = "https://dl.k8s.io/v1.36.3/bin/linux/arm64/kubectl"

[tools.kubectl."platforms.linux-x64"]
checksum = "sha256:ebbd080e7c2e275093b55915722043257eb24004363e20acb3c4d71919f88336"
url = "https://dl.k8s.io/v1.36.3/bin/linux/amd64/kubectl"

[tools.kubectl."platforms.linux-x64-musl"]
checksum = "sha256:ebbd080e7c2e275093b55915722043257eb24004363e20acb3c4d71919f88336"
url = "https://dl.k8s.io/v1.36.3/bin/linux/amd64/kubectl"

[tools.kubectl."platforms.macos-arm64"]
checksum = "sha256:fc8582acde13869a606730a79379d6515f30c68afcced0b5ac8789d5d002b7d6"
url = "https://dl.k8s.io/v1.36.3/bin/darwin/arm64/kubectl"

[tools.kubectl."platforms.macos-x64"]
checksum = "sha256:158b3b46cf74e8b6bd9b1d7cd30f665e3efb2bc1ec3c843ec925bcfdd2930de0"
url = "https://dl.k8s.io/v1.36.3/bin/darwin/amd64/kubectl"

[tools.kubectl."platforms.windows-x64"]
checksum = "sha256:ba76657b79d0ebcc3c029c171fc83c96351ba5ce0e71d185f1e5b8b873360a5f"
url = "https://dl.k8s.io/v1.36.3/bin/windows/amd64/kubectl.exe"

[[tools.node]]
version = "24.19.0"
backend = "core:node"

[tools.node."platforms.linux-arm64"]
checksum = "sha256:d28c8a5bf0a808f0ed434a1dce8c54ae98f0371c0bd86ac58abc613f73e6643f"
url = "https://nodejs.org/dist/v24.19.0/node-v24.19.0-linux-arm64.tar.gz"

[tools.node."platforms.linux-arm64-musl"]
checksum = "sha256:20824e4d35948fae5b337dccef47813b04d8995312f59df7386f2256d9f9ab7e"
url = "https://unofficial-builds.nodejs.org/download/release/v24.19.0/node-v24.19.0-linux-arm64-musl.tar.gz"

[tools.node."platforms.linux-x64"]
checksum = "sha256:f625d97cd707df4ff96254916fbc5ff014f09c09effe5a1e0ca8f6d41a8789d4"
url = "https://nodejs.org/dist/v24.19.0/node-v24.19.0-linux-x64.tar.gz"

[tools.node."platforms.linux-x64-musl"]
checksum = "sha256:c60223786df14a5d23e220ebb8e60318f5322640a62f90e6d9e54d3a18da532e"
url = "https://unofficial-builds.nodejs.org/download/release/v24.19.0/node-v24.19.0-linux-x64-musl.tar.gz"

[tools.node."platforms.macos-arm64"]
checksum = "sha256:8294b7aa9b03997481c06babf1e8b270c859358f27da57a11509afe537ac381d"
url = "https://nodejs.org/dist/v24.19.0/node-v24.19.0-darwin-arm64.tar.gz"

[tools.node."platforms.macos-x64"]
checksum = "sha256:d1b5e999db158c62fe8f7267a4476b035d8bd93b1a605bac24a3f0dd166e3316"
url = "https://nodejs.org/dist/v24.19.0/node-v24.19.0-darwin-x64.tar.gz"

[tools.node."platforms.windows-x64"]
checksum = "sha256:57f71ab3652e797d84acddc79c81cc9ff1c6ddb2a1974cdb83f00fee9bff4c73"
url = "https://nodejs.org/dist/v24.19.0/node-v24.19.0-win-x64.zip"

[[tools.pnpm]]
version = "11.24.0"
backend = "aqua:pnpm/pnpm"

[tools.pnpm."platforms.linux-arm64"]
checksum = "sha256:52f9cd410ef3bbb1cdd79c399b27772fa6d929bc3cf7c80ff3923a81e1c93be3"
url = "https://github.com/pnpm/pnpm/releases/download/v11.24.0/pnpm-linux-arm64.tar.gz"
url_api = "https://api.github.com/repos/pnpm/pnpm/releases/assets/527747053"
provenance = "github-attestations"

[tools.pnpm."platforms.linux-arm64-musl"]
checksum = "sha256:950160e3d1d039e0bd1f234da5a307fdc9c1d6b9c030683adfcb85f607c7d500"
url = "https://github.com/pnpm/pnpm/releases/download/v11.24.0/pnpm-linux-arm64-musl.tar.gz"
url_api = "https://api.github.com/repos/pnpm/pnpm/releases/assets/527747056"
provenance = "github-attestations"

[tools.pnpm."platforms.linux-x64"]
checksum = "sha256:0a9b76dedb5fe8cc5e7f3a9fd70854181cfb08a487ebaf0c9cfb044dc860936c"
url = "https://github.com/pnpm/pnpm/releases/download/v11.24.0/pnpm-linux-x64.tar.gz"
url_api = "https://api.github.com/repos/pnpm/pnpm/releases/assets/527747059"
provenance = "github-attestations"

[tools.pnpm."platforms.linux-x64-musl"]
checksum = "sha256:2fce00e10729d0c1f3836d499b908697fd3cd0832332651fbcee79c0a7442dcb"
url = "https://github.com/pnpm/pnpm/releases/download/v11.24.0/pnpm-linux-x64-musl.tar.gz"
url_api = "https://api.github.com/repos/pnpm/pnpm/releases/assets/527747057"
provenance = "github-attestations"

[tools.pnpm."platforms.macos-arm64"]
checksum = "sha256:c4df428b6c348b3037ba851359215065ce070d711dc96a9750052fdbfbe240d3"
url = "https://github.com/pnpm/pnpm/releases/download/v11.24.0/pnpm-darwin-arm64.tar.gz"
url_api = "https://api.github.com/repos/pnpm/pnpm/releases/assets/527747061"
provenance = "github-attestations"

[tools.pnpm."platforms.windows-x64"]
checksum = "sha256:c5ca642230551342a9fffafe508c181f346e2c79fcae2b1cae4c37ceb423481a"
url = "https://github.com/pnpm/pnpm/releases/download/v11.24.0/pnpm-win32-x64.zip"
url_api = "https://api.github.com/repos/pnpm/pnpm/releases/assets/527747055"
provenance = "github-attestations"

[[tools.usage]]
version = "5.0.0"
backend = "aqua:jdx/usage"

[tools.usage."platforms.linux-arm64"]
checksum = "sha256:fb2dfc21532129ce230314818e05a8a75ee1c8929936f8b3a5bbd078736706d7"
url = "https://github.com/jdx/usage/releases/download/v5.0.0/usage-aarch64-unknown-linux-musl.tar.gz"
url_api = "https://api.github.com/repos/jdx/usage/releases/assets/501424806"

[tools.usage."platforms.linux-arm64-musl"]
checksum = "sha256:fb2dfc21532129ce230314818e05a8a75ee1c8929936f8b3a5bbd078736706d7"
url = "https://github.com/jdx/usage/releases/download/v5.0.0/usage-aarch64-unknown-linux-musl.tar.gz"
url_api = "https://api.github.com/repos/jdx/usage/releases/assets/501424806"

[tools.usage."platforms.linux-x64"]
checksum = "sha256:16e87ac9110face925d39a9aae5c90767738df2cc390af1be1f00e625b599280"
url = "https://github.com/jdx/usage/releases/download/v5.0.0/usage-x86_64-unknown-linux-musl.tar.gz"
url_api = "https://api.github.com/repos/jdx/usage/releases/assets/501424566"

[tools.usage."platforms.linux-x64-musl"]
checksum = "sha256:16e87ac9110face925d39a9aae5c90767738df2cc390af1be1f00e625b599280"
url = "https://github.com/jdx/usage/releases/download/v5.0.0/usage-x86_64-unknown-linux-musl.tar.gz"
url_api = "https://api.github.com/repos/jdx/usage/releases/assets/501424566"

[tools.usage."platforms.macos-arm64"]
checksum = "sha256:35f1703ed922486387d499265c9d6c0dbc84b8347e565fb31d54ad23fdff712d"
url = "https://github.com/jdx/usage/releases/download/v5.0.0/usage-universal-apple-darwin.tar.gz"
url_api = "https://api.github.com/repos/jdx/usage/releases/assets/501428939"

[tools.usage."platforms.macos-x64"]
checksum = "sha256:35f1703ed922486387d499265c9d6c0dbc84b8347e565fb31d54ad23fdff712d"
url = "https://github.com/jdx/usage/releases/download/v5.0.0/usage-universal-apple-darwin.tar.gz"
url_api = "https://api.github.com/repos/jdx/usage/releases/assets/501428939"

[tools.usage."platforms.windows-x64"]
checksum = "sha256:0ca7cbc821d6fe274ef42162058935261bf0f7ad8029a197275ff83cc36d996e"
url = "https://github.com/jdx/usage/releases/download/v5.0.0/usage-x86_64-pc-windows-msvc.zip"
url_api = "https://api.github.com/repos/jdx/usage/releases/assets/501427490"

[[tools.uv]]
version = "0.12.2"
backend = "aqua:astral-sh/uv"

[tools.uv."platforms.linux-arm64"]
checksum = "sha256:73b87f0d65d7dfcd39753a51ce65592360b02c29f8e1bc2c85cc4190fe914499"
url = "https://github.com/astral-sh/uv/releases/download/0.12.2/uv-aarch64-unknown-linux-musl.tar.gz"
url_api = "https://api.github.com/repos/astral-sh/uv/releases/assets/502996507"
provenance = "github-attestations"

[tools.uv."platforms.linux-arm64-musl"]
checksum = "sha256:73b87f0d65d7dfcd39753a51ce65592360b02c29f8e1bc2c85cc4190fe914499"
url = "https://github.com/astral-sh/uv/releases/download/0.12.2/uv-aarch64-unknown-linux-musl.tar.gz"
url_api = "https://api.github.com/repos/astral-sh/uv/releases/assets/502996507"
provenance = "github-attestations"

[tools.uv."platforms.linux-x64"]
checksum = "sha256:2dbe8209c9592f6d1009b8565f4bf29813427907bee2236023c013101ede343f"
url = "https://github.com/astral-sh/uv/releases/download/0.12.2/uv-x86_64-unknown-linux-musl.tar.gz"
url_api = "https://api.github.com/repos/astral-sh/uv/releases/assets/502996593"
provenance = "github-attestations"

[tools.uv."platforms.linux-x64-musl"]
checksum = "sha256:2dbe8209c9592f6d1009b8565f4bf29813427907bee2236023c013101ede343f"
url = "https://github.com/astral-sh/uv/releases/download/0.12.2/uv-x86_64-unknown-linux-musl.tar.gz"
url_api = "https://api.github.com/repos/astral-sh/uv/releases/assets/502996593"
provenance = "github-attestations"

[tools.uv."platforms.macos-arm64"]
checksum = "sha256:fa909fea3bc06f460db79017030a221fdbc43ec4478f089cb554d8335c090817"
url = "https://github.com/astral-sh/uv/releases/download/0.12.2/uv-aarch64-apple-darwin.tar.gz"
url_api = "https://api.github.com/repos/astral-sh/uv/releases/assets/502996487"
provenance = "github-attestations"

[tools.uv."platforms.macos-x64"]
checksum = "sha256:a6e6506a9109801222d65d17461abf4ed13bdecc5d2b13af0495418a82972c6b"
url = "https://github.com/astral-sh/uv/releases/download/0.12.2/uv-x86_64-apple-darwin.tar.gz"
url_api = "https://api.github.com/repos/astral-sh/uv/releases/assets/502996573"
provenance = "github-attestations"

[tools.uv."platforms.windows-x64"]
checksum = "sha256:01442d8ce5c7124151a73e697c836d252c6da853c18c73206d3cc4c2378a91d2"
url = "https://github.com/astral-sh/uv/releases/download/0.12.2/uv-x86_64-pc-windows-msvc.zip"
url_api = "https://api.github.com/repos/astral-sh/uv/releases/assets/502996579"
provenance = "github-attestations"

[[tools.yamlfmt]]
version = "0.21.0"
backend = "aqua:google/yamlfmt"

[tools.yamlfmt."platforms.linux-arm64"]
checksum = "sha256:5b2689c963b177271330c5ce8ca7396751107e5a826be46f03d2cb9b6f0c7784"
url = "https://github.com/google/yamlfmt/releases/download/v0.21.0/yamlfmt_0.21.0_Linux_arm64.tar.gz"
url_api = "https://api.github.com/repos/google/yamlfmt/releases/assets/336650208"

[tools.yamlfmt."platforms.linux-arm64-musl"]
checksum = "sha256:5b2689c963b177271330c5ce8ca7396751107e5a826be46f03d2cb9b6f0c7784"
url = "https://github.com/google/yamlfmt/releases/download/v0.21.0/yamlfmt_0.21.0_Linux_arm64.tar.gz"
url_api = "https://api.github.com/repos/google/yamlfmt/releases/assets/336650208"

[tools.yamlfmt."platforms.linux-x64"]
checksum = "sha256:1f300d9257b232bb3b541d7fb1b0e6b3c121bcbab381c86cd38cb8722be8a566"
url = "https://github.com/google/yamlfmt/releases/download/v0.21.0/yamlfmt_0.21.0_Linux_x86_64.tar.gz"
url_api = "https://api.github.com/repos/google/yamlfmt/releases/assets/336650203"

[tools.yamlfmt."platforms.linux-x64-musl"]
checksum = "sha256:1f300d9257b232bb3b541d7fb1b0e6b3c121bcbab381c86cd38cb8722be8a566"
url = "https://github.com/google/yamlfmt/releases/download/v0.21.0/yamlfmt_0.21.0_Linux_x86_64.tar.gz"
url_api = "https://api.github.com/repos/google/yamlfmt/releases/assets/336650203"

[tools.yamlfmt."platforms.macos-arm64"]
checksum = "sha256:4b417ecb94339d57e4c122ecc948c1a00fe328b5853266de9806e652a92858fa"
url = "https://github.com/google/yamlfmt/releases/download/v0.21.0/yamlfmt_0.21.0_Darwin_arm64.tar.gz"
url_api = "https://api.github.com/repos/google/yamlfmt/releases/assets/336650209"

[tools.yamlfmt."platforms.macos-x64"]
checksum = "sha256:060e943bcb8583c456810eb1ff4721b4f46c4a0c1a4432449d5dc3bbfe29a22b"
url = "https://github.com/google/yamlfmt/releases/download/v0.21.0/yamlfmt_0.21.0_Darwin_x86_64.tar.gz"
url_api = "https://api.github.com/repos/google/yamlfmt/releases/assets/336650207"

[tools.yamlfmt."platforms.windows-x64"]
checksum = "sha256:07f80ce5d741eb4b0a9380ac78a19c7cb5bd44e2a9a47a5a04839e3ba54dd463"
url = "https://github.com/google/yamlfmt/releases/download/v0.21.0/yamlfmt_0.21.0_Windows_x86_64.tar.gz"
url_api = "https://api.github.com/repos/google/yamlfmt/releases/assets/336650206"
