# @generated - this file is auto-generated by `mise lock` https://mise.en.dev/dev-tools/mise-lock.html

[[tools.deno]]
version = "2.9.3"
backend = "core:deno"

[tools.deno."platforms.linux-arm64"]
checksum = "sha256:1a9b610fb536ac72ded978a2bec9d8bc2af96365709bea10ba02e617b1410133"
url = "https://dl.deno.land/release/v2.9.3/deno-aarch64-unknown-linux-gnu.zip"

[tools.deno."platforms.linux-arm64-musl"]
checksum = "sha256:1a9b610fb536ac72ded978a2bec9d8bc2af96365709bea10ba02e617b1410133"
url = "https://dl.deno.land/release/v2.9.3/deno-aarch64-unknown-linux-gnu.zip"

[tools.deno."platforms.linux-x64"]
checksum = "sha256:c4b10edac3e33cba510bd0e5783526d753a148071a9f0e86c693ea48b50512f2"
url = "https://dl.deno.land/release/v2.9.3/deno-x86_64-unknown-linux-gnu.zip"

[tools.deno."platforms.linux-x64-musl"]
checksum = "sha256:c4b10edac3e33cba510bd0e5783526d753a148071a9f0e86c693ea48b50512f2"
url = "https://dl.deno.land/release/v2.9.3/deno-x86_64-unknown-linux-gnu.zip"

[tools.deno."platforms.macos-arm64"]
checksum = "sha256:fecdfd2f962061c796eda4ce4c5753fdec33cdea4af4b5d1c513cf68f4e98955"
url = "https://dl.deno.land/release/v2.9.3/deno-aarch64-apple-darwin.zip"

[tools.deno."platforms.macos-x64"]
checksum = "sha256:03d9afd3e950cb56f4da221bd447c8ea0bd99967a6a428ae887c4bd1d8a5f516"
url = "https://dl.deno.land/release/v2.9.3/deno-x86_64-apple-darwin.zip"

[tools.deno."platforms.windows-x64"]
checksum = "sha256:5cf26da4e823b9a925220b57b25787d3b8a33729dd8e3d37681fcb57050f0050"
url = "https://dl.deno.land/release/v2.9.3/deno-x86_64-pc-windows-msvc.zip"

[[tools.flux2]]
version = "2.9.2"
backend = "aqua:fluxcd/flux2"

[tools.flux2."platforms.linux-arm64"]
checksum = "sha256:665bfe5aeb843faf907e7f77250c31840499ff2dc65a64c2479409e3728748d1"
url = "https://github.com/fluxcd/flux2/releases/download/v2.9.2/flux_2.9.2_linux_arm64.tar.gz"
url_api = "https://api.github.com/repos/fluxcd/flux2/releases/assets/475505390"

[tools.flux2."platforms.linux-arm64".provenance.slsa]
url = "https://github.com/fluxcd/flux2/releases/download/v2.9.2/provenance.intoto.jsonl"

[tools.flux2."platforms.linux-arm64-musl"]
checksum = "sha256:665bfe5aeb843faf907e7f77250c31840499ff2dc65a64c2479409e3728748d1"
url = "https://github.com/fluxcd/flux2/releases/download/v2.9.2/flux_2.9.2_linux_arm64.tar.gz"
url_api = "https://api.github.com/repos/fluxcd/flux2/releases/assets/475505390"

[tools.flux2."platforms.linux-arm64-musl".provenance.slsa]
url = "https://github.com/fluxcd/flux2/releases/download/v2.9.2/provenance.intoto.jsonl"

[tools.flux2."platforms.linux-x64"]
checksum = "sha256:4092b367fd060097976fb7261601f79420ecf7266328417dfd8dfee27de0e6a3"
url = "https://github.com/fluxcd/flux2/releases/download/v2.9.2/flux_2.9.2_linux_amd64.tar.gz"
url_api = "https://api.github.com/repos/fluxcd/flux2/releases/assets/475505387"

[tools.flux2."platforms.linux-x64".provenance.slsa]
url = "https://github.com/fluxcd/flux2/releases/download/v2.9.2/provenance.intoto.jsonl"

[tools.flux2."platforms.linux-x64-musl"]
checksum = "sha256:4092b367fd060097976fb7261601f79420ecf7266328417dfd8dfee27de0e6a3"
url = "https://github.com/fluxcd/flux2/releases/download/v2.9.2/flux_2.9.2_linux_amd64.tar.gz"
url_api = "https://api.github.com/repos/fluxcd/flux2/releases/assets/475505387"

[tools.flux2."platforms.linux-x64-musl".provenance.slsa]
url = "https://github.com/fluxcd/flux2/releases/download/v2.9.2/provenance.intoto.jsonl"

[tools.flux2."platforms.macos-arm64"]
checksum = "sha256:1dd6791738b1c250748c24c24b48e92908881596f999ad8bf10f84763d66fdb3"
url = "https://github.com/fluxcd/flux2/releases/download/v2.9.2/flux_2.9.2_darwin_arm64.tar.gz"
url_api = "https://api.github.com/repos/fluxcd/flux2/releases/assets/475505377"

[tools.flux2."platforms.macos-arm64".provenance.slsa]
url = "https://github.com/fluxcd/flux2/releases/download/v2.9.2/provenance.intoto.jsonl"

[tools.flux2."platforms.macos-x64"]
checksum = "sha256:e4583db32e4f4f4ec195084f0381c704e5104a55a7ec4c1a444396137ecdb161"
url = "https://github.com/fluxcd/flux2/releases/download/v2.9.2/flux_2.9.2_darwin_amd64.tar.gz"
url_api = "https://api.github.com/repos/fluxcd/flux2/releases/assets/475505385"

[tools.flux2."platforms.macos-x64".provenance.slsa]
url = "https://github.com/fluxcd/flux2/releases/download/v2.9.2/provenance.intoto.jsonl"

[tools.flux2."platforms.windows-x64"]
checksum = "sha256:eceaddf7782ae5959e37d1d3620a70c68ef834ad1107ba6d9049a58c088a566c"
url = "https://github.com/fluxcd/flux2/releases/download/v2.9.2/flux_2.9.2_windows_amd64.zip"
url_api = "https://api.github.com/repos/fluxcd/flux2/releases/assets/475505381"

[tools.flux2."platforms.windows-x64".provenance.slsa]
url = "https://github.com/fluxcd/flux2/releases/download/v2.9.2/provenance.intoto.jsonl"

[[tools.go]]
version = "1.26.5"
backend = "core:go"

[tools.go."platforms.linux-arm64"]
checksum = "sha256:fe4789e92b1f33358680864bbe8704289e7bb5fc207d80623c308935bd696d49"
url = "https://dl.google.com/go/go1.26.5.linux-arm64.tar.gz"

[tools.go."platforms.linux-arm64-musl"]
checksum = "sha256:fe4789e92b1f33358680864bbe8704289e7bb5fc207d80623c308935bd696d49"
url = "https://dl.google.com/go/go1.26.5.linux-arm64.tar.gz"

[tools.go."platforms.linux-x64"]
checksum = "sha256:5c2c3b16caefa1d968a94c1daca04a7ca301a496d9b086e17ad77bb81393f053"
url = "https://dl.google.com/go/go1.26.5.linux-amd64.tar.gz"

[tools.go."platforms.linux-x64-musl"]
checksum = "sha256:5c2c3b16caefa1d968a94c1daca04a7ca301a496d9b086e17ad77bb81393f053"
url = "https://dl.google.com/go/go1.26.5.linux-amd64.tar.gz"

[tools.go."platforms.macos-arm64"]
checksum = "sha256:efb87ff28af9a188d0536ef5d42e63dd52ba8263cd7344a993cc48dd11dedb6a"
url = "https://dl.google.com/go/go1.26.5.darwin-arm64.tar.gz"

[tools.go."platforms.macos-x64"]
checksum = "sha256:6231d8d3b8f5552ec6cbf6d685bdd5482e1e703214b120e89b3bf0d7bf1ef725"
url = "https://dl.google.com/go/go1.26.5.darwin-amd64.tar.gz"

[tools.go."platforms.windows-x64"]
checksum = "sha256:97e6b2a833b6d89f9ff17d25419ac0a7e3b482a044e9ab18cdef834bd834fd38"
url = "https://dl.google.com/go/go1.26.5.windows-amd64.zip"

[[tools."go:github.com/cloudnative-pg/cloudnative-pg/cmd/kubectl-cnpg"]]
version = "1.30.0"
backend = "go:github.com/cloudnative-pg/cloudnative-pg/cmd/kubectl-cnpg"

[[tools."go:github.com/home-operations/flate/cmd/flate"]]
version = "0.4.12"
backend = "go:github.com/home-operations/flate/cmd/flate"

[[tools.helm]]
version = "4.2.3"
backend = "aqua:helm/helm"

[tools.helm."platforms.linux-arm64"]
checksum = "sha256:21abd9354d39b2cd79a8d76be6912cd137a983cbf997193503fb8a6a6e2f2785"
url = "https://get.helm.sh/helm-v4.2.3-linux-arm64.tar.gz"

[tools.helm."platforms.linux-arm64-musl"]
checksum = "sha256:21abd9354d39b2cd79a8d76be6912cd137a983cbf997193503fb8a6a6e2f2785"
url = "https://get.helm.sh/helm-v4.2.3-linux-arm64.tar.gz"

[tools.helm."platforms.linux-x64"]
checksum = "sha256:e9b88b4ee95b18c706839c28d3a0220e5bc470e9cd9262410c90793c45ff8b7c"
url = "https://get.helm.sh/helm-v4.2.3-linux-amd64.tar.gz"

[tools.helm."platforms.linux-x64-musl"]
checksum = "sha256:e9b88b4ee95b18c706839c28d3a0220e5bc470e9cd9262410c90793c45ff8b7c"
url = "https://get.helm.sh/helm-v4.2.3-linux-amd64.tar.gz"

[tools.helm."platforms.macos-arm64"]
checksum = "sha256:048ecf5ad3160f83d918f9fe945238d2132b079640f7b106175331c25f242c64"
url = "https://get.helm.sh/helm-v4.2.3-darwin-arm64.tar.gz"

[tools.helm."platforms.macos-x64"]
checksum = "sha256:ff3ac86755a45f3422473bc1200776aac0fe04c5766abe6ca66699f7b564b23b"
url = "https://get.helm.sh/helm-v4.2.3-darwin-amd64.tar.gz"

[tools.helm."platforms.windows-x64"]
checksum = "sha256:02c6137bb5f050479193afad5a28804e9edc3beeab7e7b53a6e1499c9ba387ef"
url = "https://get.helm.sh/helm-v4.2.3-windows-amd64.tar.gz"

[[tools.jq]]
version = "1.8.2"
backend = "aqua:jqlang/jq"

[tools.jq."platforms.linux-arm64"]
checksum = "sha256:8b85c817833814ddca00a144c33705546355afccf0cf39b188f3cdb48b852309"
url = "https://github.com/jqlang/jq/releases/download/jq-1.8.2/jq-linux-arm64"
url_api = "https://api.github.com/repos/jqlang/jq/releases/assets/453012756"
provenance = "github-attestations"

[tools.jq."platforms.linux-arm64-musl"]
checksum = "sha256:8b85c817833814ddca00a144c33705546355afccf0cf39b188f3cdb48b852309"
url = "https://github.com/jqlang/jq/releases/download/jq-1.8.2/jq-linux-arm64"
url_api = "https://api.github.com/repos/jqlang/jq/releases/assets/453012756"
provenance = "github-attestations"

[tools.jq."platforms.linux-x64"]
checksum = "sha256:b1c22172dd303f3be49e935aa56aa48a8b7a46e0bc838b4997d3bb451495870f"
url = "https://github.com/jqlang/jq/releases/download/jq-1.8.2/jq-linux-amd64"
url_api = "https://api.github.com/repos/jqlang/jq/releases/assets/453012752"
provenance = "github-attestations"

[tools.jq."platforms.linux-x64-musl"]
checksum = "sha256:b1c22172dd303f3be49e935aa56aa48a8b7a46e0bc838b4997d3bb451495870f"
url = "https://github.com/jqlang/jq/releases/download/jq-1.8.2/jq-linux-amd64"
url_api = "https://api.github.com/repos/jqlang/jq/releases/assets/453012752"
provenance = "github-attestations"

[tools.jq."platforms.macos-arm64"]
checksum = "sha256:2d75340ba57a4b4b4c8708a21c2dc8e958a48aaa8bba13b27f77f6e4c0eca07e"
url = "https://github.com/jqlang/jq/releases/download/jq-1.8.2/jq-macos-arm64"
url_api = "https://api.github.com/repos/jqlang/jq/releases/assets/453012783"
provenance = "github-attestations"

[tools.jq."platforms.macos-x64"]
checksum = "sha256:e94b266e3c26690550006abe63152b782280f4e14374accdf04cbde844f00bc0"
url = "https://github.com/jqlang/jq/releases/download/jq-1.8.2/jq-macos-amd64"
url_api = "https://api.github.com/repos/jqlang/jq/releases/assets/453012782"
provenance = "github-attestations"

[tools.jq."platforms.windows-x64"]
checksum = "sha256:a6fc67fedaf9128a3309a1e2ebb8b986aeccf70122ee46d2cb4849e423f0c627"
url = "https://github.com/jqlang/jq/releases/download/jq-1.8.2/jq-windows-amd64.exe"
url_api = "https://api.github.com/repos/jqlang/jq/releases/assets/453012788"
provenance = "github-attestations"

[[tools.kubectl]]
version = "1.36.3"
backend = "aqua:kubernetes/kubernetes/kubectl"

[tools.kubectl."platforms.linux-arm64"]
checksum = "sha256:3d86f24401c41ae5a46ac50eef8865fe891d3647d324a0836f6c63757a126e62"
url = "https://dl.k8s.io/v1.36.3/bin/linux/arm64/kubectl"

[tools.kubectl."platforms.linux-arm64-musl"]
checksum = "sha256:3d86f24401c41ae5a46ac50eef8865fe891d3647d324a0836f6c63757a126e62"
url = "https://dl.k8s.io/v1.36.3/bin/linux/arm64/kubectl"

[tools.kubectl."platforms.linux-x64"]
checksum = "sha256:ebbd080e7c2e275093b55915722043257eb24004363e20acb3c4d71919f88336"
url = "https://dl.k8s.io/v1.36.3/bin/linux/amd64/kubectl"

[tools.kubectl."platforms.linux-x64-musl"]
checksum = "sha256:ebbd080e7c2e275093b55915722043257eb24004363e20acb3c4d71919f88336"
url = "https://dl.k8s.io/v1.36.3/bin/linux/amd64/kubectl"

[tools.kubectl."platforms.macos-arm64"]
checksum = "sha256:fc8582acde13869a606730a79379d6515f30c68afcced0b5ac8789d5d002b7d6"
url = "https://dl.k8s.io/v1.36.3/bin/darwin/arm64/kubectl"

[tools.kubectl."platforms.macos-x64"]
checksum = "sha256:158b3b46cf74e8b6bd9b1d7cd30f665e3efb2bc1ec3c843ec925bcfdd2930de0"
url = "https://dl.k8s.io/v1.36.3/bin/darwin/amd64/kubectl"

[tools.kubectl."platforms.windows-x64"]
checksum = "sha256:ba76657b79d0ebcc3c029c171fc83c96351ba5ce0e71d185f1e5b8b873360a5f"
url = "https://dl.k8s.io/v1.36.3/bin/windows/amd64/kubectl.exe"

[[tools.opentofu]]
version = "1.11.8"
backend = "aqua:opentofu/opentofu"

[tools.opentofu."platforms.linux-arm64"]
checksum = "sha256:310c6b3f50490a92ede9db61d5755296de089342c75bcd99ea86a570304f26e8"
url = "https://github.com/opentofu/opentofu/releases/download/v1.11.8/tofu_1.11.8_linux_arm64.tar.gz"
url_api = "https://api.github.com/repos/opentofu/opentofu/releases/assets/420045007"

[tools.opentofu."platforms.linux-arm64-musl"]
checksum = "sha256:310c6b3f50490a92ede9db61d5755296de089342c75bcd99ea86a570304f26e8"
url = "https://github.com/opentofu/opentofu/releases/download/v1.11.8/tofu_1.11.8_linux_arm64.tar.gz"
url_api = "https://api.github.com/repos/opentofu/opentofu/releases/assets/420045007"

[tools.opentofu."platforms.linux-x64"]
checksum = "sha256:7e2e9a7322ac35c82305b69e2f799e771bfa413f0ce860f5c7241d2b13908f11"
url = "https://github.com/opentofu/opentofu/releases/download/v1.11.8/tofu_1.11.8_linux_amd64.tar.gz"
url_api = "https://api.github.com/repos/opentofu/opentofu/releases/assets/420045018"

[tools.opentofu."platforms.linux-x64-musl"]
checksum = "sha256:7e2e9a7322ac35c82305b69e2f799e771bfa413f0ce860f5c7241d2b13908f11"
url = "https://github.com/opentofu/opentofu/releases/download/v1.11.8/tofu_1.11.8_linux_amd64.tar.gz"
url_api = "https://api.github.com/repos/opentofu/opentofu/releases/assets/420045018"

[tools.opentofu."platforms.macos-arm64"]
checksum = "sha256:0025b81a800c875b6c0b0a6635546aae32f46a3e420621e8ae54fde34c7d1d6c"
url = "https://github.com/opentofu/opentofu/releases/download/v1.11.8/tofu_1.11.8_darwin_arm64.tar.gz"
url_api = "https://api.github.com/repos/opentofu/opentofu/releases/assets/420044994"

[tools.opentofu."platforms.macos-x64"]
checksum = "sha256:d3f2b3c64a77e36b04f177b488da0003fc4d33f33a66f4a40c197e8b9351a238"
url = "https://github.com/opentofu/opentofu/releases/download/v1.11.8/tofu_1.11.8_darwin_amd64.tar.gz"
url_api = "https://api.github.com/repos/opentofu/opentofu/releases/assets/420045019"

[tools.opentofu."platforms.windows-x64"]
checksum = "sha256:2c1865fa261de3b514eeca4be543a6c5e0b0f9b2e75b3488cdbf1d4e0914b07c"
url = "https://github.com/opentofu/opentofu/releases/download/v1.11.8/tofu_1.11.8_windows_amd64.tar.gz"
url_api = "https://api.github.com/repos/opentofu/opentofu/releases/assets/420045017"

[[tools.terragrunt]]
version = "1.0.4"
backend = "aqua:gruntwork-io/terragrunt"

[tools.terragrunt."platforms.linux-arm64"]
checksum = "sha256:d84b2a95f1665b901887be4d5ff3ed96a7c845733ab1a4a40f1c43b54290fe83"
url = "https://github.com/gruntwork-io/terragrunt/releases/download/v1.0.4/terragrunt_linux_arm64.tar.gz"
url_api = "https://api.github.com/repos/gruntwork-io/terragrunt/releases/assets/414583437"

[tools.terragrunt."platforms.linux-arm64-musl"]
checksum = "sha256:d84b2a95f1665b901887be4d5ff3ed96a7c845733ab1a4a40f1c43b54290fe83"
url = "https://github.com/gruntwork-io/terragrunt/releases/download/v1.0.4/terragrunt_linux_arm64.tar.gz"
url_api = "https://api.github.com/repos/gruntwork-io/terragrunt/releases/assets/414583437"

[tools.terragrunt."platforms.linux-x64"]
checksum = "sha256:611f3cea89faa78dcdb6e5d290415675dc8c870e1a8001fc587c03f30060e577"
url = "https://github.com/gruntwork-io/terragrunt/releases/download/v1.0.4/terragrunt_linux_amd64.tar.gz"
url_api = "https://api.github.com/repos/gruntwork-io/terragrunt/releases/assets/414583368"

[tools.terragrunt."platforms.linux-x64-musl"]
checksum = "sha256:611f3cea89faa78dcdb6e5d290415675dc8c870e1a8001fc587c03f30060e577"
url = "https://github.com/gruntwork-io/terragrunt/releases/download/v1.0.4/terragrunt_linux_amd64.tar.gz"
url_api = "https://api.github.com/repos/gruntwork-io/terragrunt/releases/assets/414583368"

[tools.terragrunt."platforms.macos-arm64"]
checksum = "sha256:0a8b752d2553831e0f2c1ef72a6a0f5afa3d728f4c4eb23a835fd9800acd39c6"
url = "https://github.com/gruntwork-io/terragrunt/releases/download/v1.0.4/terragrunt_darwin_arm64.tar.gz"
url_api = "https://api.github.com/repos/gruntwork-io/terragrunt/releases/assets/414583268"

[tools.terragrunt."platforms.macos-x64"]
checksum = "sha256:0333cdd4a188f971ec2a501cf101f3a06b92d556738eea5a51757c04c5ba5a0c"
url = "https://github.com/gruntwork-io/terragrunt/releases/download/v1.0.4/terragrunt_darwin_amd64.tar.gz"
url_api = "https://api.github.com/repos/gruntwork-io/terragrunt/releases/assets/414583194"

[tools.terragrunt."platforms.windows-x64"]
checksum = "sha256:e69a8df08b16f657042b2865e5c0d30d71ac27a87ef2e53098872707191d5b29"
url = "https://github.com/gruntwork-io/terragrunt/releases/download/v1.0.4/terragrunt_windows_amd64.exe.tar.gz"
url_api = "https://api.github.com/repos/gruntwork-io/terragrunt/releases/assets/414583648"

[[tools.usage]]
version = "3.5.6"
backend = "aqua:jdx/usage"

[tools.usage."platforms.linux-arm64"]
checksum = "sha256:f1b46cbf04e0a94128eee475447920dbb7b09ccd45618faae3245d252b217d97"
url = "https://github.com/jdx/usage/releases/download/v3.5.6/usage-aarch64-unknown-linux-musl.tar.gz"
url_api = "https://api.github.com/repos/jdx/usage/releases/assets/484565449"

[tools.usage."platforms.linux-arm64-musl"]
checksum = "sha256:f1b46cbf04e0a94128eee475447920dbb7b09ccd45618faae3245d252b217d97"
url = "https://github.com/jdx/usage/releases/download/v3.5.6/usage-aarch64-unknown-linux-musl.tar.gz"
url_api = "https://api.github.com/repos/jdx/usage/releases/assets/484565449"

[tools.usage."platforms.linux-x64"]
checksum = "sha256:03f0d50088bce16ae51cc7593d58dddcd1acd1f70afc0e87ab9a5f08b755b687"
url = "https://github.com/jdx/usage/releases/download/v3.5.6/usage-x86_64-unknown-linux-musl.tar.gz"
url_api = "https://api.github.com/repos/jdx/usage/releases/assets/484565533"

[tools.usage."platforms.linux-x64-musl"]
checksum = "sha256:03f0d50088bce16ae51cc7593d58dddcd1acd1f70afc0e87ab9a5f08b755b687"
url = "https://github.com/jdx/usage/releases/download/v3.5.6/usage-x86_64-unknown-linux-musl.tar.gz"
url_api = "https://api.github.com/repos/jdx/usage/releases/assets/484565533"

[tools.usage."platforms.macos-arm64"]
checksum = "sha256:1918694d9f277971b5796b113525b6c3201b3de4c4161f2585dc32bb3aca3eb0"
url = "https://github.com/jdx/usage/releases/download/v3.5.6/usage-universal-apple-darwin.tar.gz"
url_api = "https://api.github.com/repos/jdx/usage/releases/assets/484567363"

[tools.usage."platforms.macos-x64"]
checksum = "sha256:1918694d9f277971b5796b113525b6c3201b3de4c4161f2585dc32bb3aca3eb0"
url = "https://github.com/jdx/usage/releases/download/v3.5.6/usage-universal-apple-darwin.tar.gz"
url_api = "https://api.github.com/repos/jdx/usage/releases/assets/484567363"

[tools.usage."platforms.windows-x64"]
checksum = "sha256:8a607cb23d8ca7cc763273961b2632898f92aab5b0d2006e5715bcb82340dde2"
url = "https://github.com/jdx/usage/releases/download/v3.5.6/usage-x86_64-pc-windows-msvc.zip"
url_api = "https://api.github.com/repos/jdx/usage/releases/assets/484567693"

[[tools.uv]]
version = "0.11.31"
backend = "aqua:astral-sh/uv"

[tools.uv."platforms.linux-arm64"]
checksum = "sha256:49cb5ffce40cc9c85355caa8104f7b61c40a8daac7334f4bc841cad1a7bb359e"
url = "https://github.com/astral-sh/uv/releases/download/0.11.31/uv-aarch64-unknown-linux-musl.tar.gz"
url_api = "https://api.github.com/repos/astral-sh/uv/releases/assets/485371019"
provenance = "github-attestations"

[tools.uv."platforms.linux-arm64-musl"]
checksum = "sha256:49cb5ffce40cc9c85355caa8104f7b61c40a8daac7334f4bc841cad1a7bb359e"
url = "https://github.com/astral-sh/uv/releases/download/0.11.31/uv-aarch64-unknown-linux-musl.tar.gz"
url_api = "https://api.github.com/repos/astral-sh/uv/releases/assets/485371019"
provenance = "github-attestations"

[tools.uv."platforms.linux-x64"]
checksum = "sha256:89048b7e30a6c459fa7e8f2e91cfdc413dc004dcbddc6c2af5e09df123e3246d"
url = "https://github.com/astral-sh/uv/releases/download/0.11.31/uv-x86_64-unknown-linux-musl.tar.gz"
url_api = "https://api.github.com/repos/astral-sh/uv/releases/assets/485371115"
provenance = "github-attestations"

[tools.uv."platforms.linux-x64-musl"]
checksum = "sha256:89048b7e30a6c459fa7e8f2e91cfdc413dc004dcbddc6c2af5e09df123e3246d"
url = "https://github.com/astral-sh/uv/releases/download/0.11.31/uv-x86_64-unknown-linux-musl.tar.gz"
url_api = "https://api.github.com/repos/astral-sh/uv/releases/assets/485371115"
provenance = "github-attestations"

[tools.uv."platforms.macos-arm64"]
checksum = "sha256:b2b93e82a6786f9c7cb89fd4ca0e859a147b292ae8f6f95784f9742f0efec39e"
url = "https://github.com/astral-sh/uv/releases/download/0.11.31/uv-aarch64-apple-darwin.tar.gz"
url_api = "https://api.github.com/repos/astral-sh/uv/releases/assets/485371001"
provenance = "github-attestations"

[tools.uv."platforms.macos-x64"]
checksum = "sha256:33ee6bd62b57fcd77a499deb54e4432dc1e1a2f3d34930ba987ad8b43f9c7bc7"
url = "https://github.com/astral-sh/uv/releases/download/0.11.31/uv-x86_64-apple-darwin.tar.gz"
url_api = "https://api.github.com/repos/astral-sh/uv/releases/assets/485371098"
provenance = "github-attestations"

[tools.uv."platforms.windows-x64"]
checksum = "sha256:410c2fd3126ff621c9450a21cfc200002c7540dc48d130069a8f619cdb0a811b"
url = "https://github.com/astral-sh/uv/releases/download/0.11.31/uv-x86_64-pc-windows-msvc.zip"
url_api = "https://api.github.com/repos/astral-sh/uv/releases/assets/485371099"
provenance = "github-attestations"

[[tools.yamlfmt]]
version = "0.21.0"
backend = "aqua:google/yamlfmt"

[tools.yamlfmt."platforms.linux-arm64"]
checksum = "sha256:5b2689c963b177271330c5ce8ca7396751107e5a826be46f03d2cb9b6f0c7784"
url = "https://github.com/google/yamlfmt/releases/download/v0.21.0/yamlfmt_0.21.0_Linux_arm64.tar.gz"
url_api = "https://api.github.com/repos/google/yamlfmt/releases/assets/336650208"

[tools.yamlfmt."platforms.linux-arm64-musl"]
checksum = "sha256:5b2689c963b177271330c5ce8ca7396751107e5a826be46f03d2cb9b6f0c7784"
url = "https://github.com/google/yamlfmt/releases/download/v0.21.0/yamlfmt_0.21.0_Linux_arm64.tar.gz"
url_api = "https://api.github.com/repos/google/yamlfmt/releases/assets/336650208"

[tools.yamlfmt."platforms.linux-x64"]
checksum = "sha256:1f300d9257b232bb3b541d7fb1b0e6b3c121bcbab381c86cd38cb8722be8a566"
url = "https://github.com/google/yamlfmt/releases/download/v0.21.0/yamlfmt_0.21.0_Linux_x86_64.tar.gz"
url_api = "https://api.github.com/repos/google/yamlfmt/releases/assets/336650203"

[tools.yamlfmt."platforms.linux-x64-musl"]
checksum = "sha256:1f300d9257b232bb3b541d7fb1b0e6b3c121bcbab381c86cd38cb8722be8a566"
url = "https://github.com/google/yamlfmt/releases/download/v0.21.0/yamlfmt_0.21.0_Linux_x86_64.tar.gz"
url_api = "https://api.github.com/repos/google/yamlfmt/releases/assets/336650203"

[tools.yamlfmt."platforms.macos-arm64"]
checksum = "sha256:4b417ecb94339d57e4c122ecc948c1a00fe328b5853266de9806e652a92858fa"
url = "https://github.com/google/yamlfmt/releases/download/v0.21.0/yamlfmt_0.21.0_Darwin_arm64.tar.gz"
url_api = "https://api.github.com/repos/google/yamlfmt/releases/assets/336650209"

[tools.yamlfmt."platforms.macos-x64"]
checksum = "sha256:060e943bcb8583c456810eb1ff4721b4f46c4a0c1a4432449d5dc3bbfe29a22b"
url = "https://github.com/google/yamlfmt/releases/download/v0.21.0/yamlfmt_0.21.0_Darwin_x86_64.tar.gz"
url_api = "https://api.github.com/repos/google/yamlfmt/releases/assets/336650207"

[tools.yamlfmt."platforms.windows-x64"]
checksum = "sha256:07f80ce5d741eb4b0a9380ac78a19c7cb5bd44e2a9a47a5a04839e3ba54dd463"
url = "https://github.com/google/yamlfmt/releases/download/v0.21.0/yamlfmt_0.21.0_Windows_x86_64.tar.gz"
url_api = "https://api.github.com/repos/google/yamlfmt/releases/assets/336650206"
